
Microsoft Visual Studio Solution File, Format Version 12.00
# Visual Studio Version 17
VisualStudioVersion = 17.6.33829.357
MinimumVisualStudioVersion = 10.0.40219.1
Project("{FAE04EC0-301F-11D3-BF4B-00C04F79EFBC}") = "Ryder.Api", "Ryder.Api\Ryder.Api.csproj", "{E673A419-BCE4-4967-B17F-5ECDC301802B}"
EndProject
Project("{FAE04EC0-301F-11D3-BF4B-00C04F79EFBC}") = "Ryder.Domain", "Ryder.Domain\Ryder.Domain.csproj", "{414C15C1-57DF-4FD0-9049-4D7D9A652301}"
EndProject
Project("{FAE04EC0-301F-11D3-BF4B-00C04F79EFBC}") = "Ryder.Application", "Ryder.Application\Ryder.Application.csproj", "{7312E919-526B-4A63-8C32-50D89ED183DA}"
EndProject
Project("{FAE04EC0-301F-11D3-BF4B-00C04F79EFBC}") = "Ryder.Infrastructure", "Ryder.Infrastructure\Ryder.Infrastructure.csproj", "{20BFA4D1-DBD5-45B6-B15B-E10B62985733}"
EndProject
Project("{FAE04EC0-301F-11D3-BF4B-00C04F79EFBC}") = "Ryder.Test", "Ryder.Test\Ryder.Test.csproj", "{FD26111D-4657-4820-987F-F4C648DC14AD}"
EndProject
Global
	GlobalSection(SolutionConfigurationPlatforms) = preSolution
		Debug|Any CPU = Debug|Any CPU
		Release|Any CPU = Release|Any CPU
	EndGlobalSection
	GlobalSection(ProjectConfigurationPlatforms) = postSolution
		{E673A419-BCE4-4967-B17F-5ECDC301802B}.Debug|Any CPU.ActiveCfg = Debug|Any CPU
		{E673A419-BCE4-4967-B17F-5ECDC301802B}.Debug|Any CPU.Build.0 = Debug|Any CPU
		{E673A419-BCE4-4967-B17F-5ECDC301802B}.Release|Any CPU.ActiveCfg = Release|Any CPU
		{E673A419-BCE4-4967-B17F-5ECDC301802B}.Release|Any CPU.Build.0 = Release|Any CPU
		{414C15C1-57DF-4FD0-9049-4D7D9A652301}.Debug|Any CPU.ActiveCfg = Debug|Any CPU
		{414C15C1-57DF-4FD0-9049-4D7D9A652301}.Debug|Any CPU.Build.0 = Debug|Any CPU
		{414C15C1-57DF-4FD0-9049-4D7D9A652301}.Release|Any CPU.ActiveCfg = Release|Any CPU
		{414C15C1-57DF-4FD0-9049-4D7D9A652301}.Release|Any CPU.Build.0 = Release|Any CPU
		{7312E919-526B-4A63-8C32-50D89ED183DA}.Debug|Any CPU.ActiveCfg = Debug|Any CPU
		{7312E919-526B-4A63-8C32-50D89ED183DA}.Debug|Any CPU.Build.0 = Debug|Any CPU
		{7312E919-526B-4A63-8C32-50D89ED183DA}.Release|Any CPU.ActiveCfg = Release|Any CPU
		{7312E919-526B-4A63-8C32-50D89ED183DA}.Release|Any CPU.Build.0 = Release|Any CPU
		{20BFA4D1-DBD5-45B6-B15B-E10B62985733}.Debug|Any CPU.ActiveCfg = Debug|Any CPU
		{20BFA4D1-DBD5-45B6-B15B-E10B62985733}.Debug|Any CPU.Build.0 = Debug|Any CPU
		{20BFA4D1-DBD5-45B6-B15B-E10B62985733}.Release|Any CPU.ActiveCfg = Release|Any CPU
		{20BFA4D1-DBD5-45B6-B15B-E10B62985733}.Release|Any CPU.Build.0 = Release|Any CPU
		{FD26111D-4657-4820-987F-F4C648DC14AD}.Debug|Any CPU.ActiveCfg = Debug|Any CPU
		{FD26111D-4657-4820-987F-F4C648DC14AD}.Debug|Any CPU.Build.0 = Debug|Any CPU
		{FD26111D-4657-4820-987F-F4C648DC14AD}.Release|Any CPU.ActiveCfg = Release|Any CPU
		{FD26111D-4657-4820-987F-F4C648DC14AD}.Release|Any CPU.Build.0 = Release|Any CPU
	EndGlobalSection
	GlobalSection(SolutionProperties) = preSolution
		HideSolutionNode = FALSE
	EndGlobalSection
	GlobalSection(ExtensibilityGlobals) = postSolution
		SolutionGuid = {D7377162-10A1-4EB2-A61E-E78FD8E86AB3}
	EndGlobalSection
EndGlobal
